
Microsoft Visual Studio Solution File, Format Version 12.00
# Visual Studio Version 17
VisualStudioVersion = 17.5.002.0
MinimumVisualStudioVersion = 10.0.40219.1
Project("{9A19103F-16F7-4668-BE54-9A1E7A4F7556}") = "Translation", "Translation.csproj", "{6FF087F1-6319-4327-B490-10B5CADB13A6}"
EndProject
Global
	GlobalSection(SolutionConfigurationPlatforms) = preSolution
		Debug|Any CPU = Debug|Any CPU
		Release|Any CPU = Release|Any CPU
	EndGlobalSection
	GlobalSection(ProjectConfigurationPlatforms) = postSolution
		{6FF087F1-6319-4327-B490-10B5CADB13A6}.Debug|Any CPU.ActiveCfg = Debug|Any CPU
		{6FF087F1-6319-4327-B490-10B5CADB13A6}.Debug|Any CPU.Build.0 = Debug|Any CPU
		{6FF087F1-6319-4327-B490-10B5CADB13A6}.Release|Any CPU.ActiveCfg = Release|Any CPU
		{6FF087F1-6319-4327-B490-10B5CADB13A6}.Release|Any CPU.Build.0 = Release|Any CPU
	EndGlobalSection
	GlobalSection(SolutionProperties) = preSolution
		HideSolutionNode = FALSE
	EndGlobalSection
	GlobalSection(ExtensibilityGlobals) = postSolution
		SolutionGuid = {D01F8D4C-5DF8-457A-BD6E-B81A3C614618}
	EndGlobalSection
EndGlobal
